
Microsoft Visual Studio Solution File, Format Version 12.00
# Visual Studio 15
VisualStudioVersion = 15.0.28307.572
MinimumVisualStudioVersion = 10.0.40219.1
Project("{FAE04EC0-301F-11D3-BF4B-00C04F79EFBC}") = "JWT_Api", "JWT_Api\JWT_Api.csproj", "{7301CB61-FCF9-4B77-B2D4-FDB4D6EC919A}"
EndProject
Global
	GlobalSection(SolutionConfigurationPlatforms) = preSolution
		Debug|Any CPU = Debug|Any CPU
		Release|Any CPU = Release|Any CPU
	EndGlobalSection
	GlobalSection(ProjectConfigurationPlatforms) = postSolution
		{7301CB61-FCF9-4B77-B2D4-FDB4D6EC919A}.Debug|Any CPU.ActiveCfg = Debug|Any CPU
		{7301CB61-FCF9-4B77-B2D4-FDB4D6EC919A}.Debug|Any CPU.Build.0 = Debug|Any CPU
		{7301CB61-FCF9-4B77-B2D4-FDB4D6EC919A}.Release|Any CPU.ActiveCfg = Release|Any CPU
		{7301CB61-FCF9-4B77-B2D4-FDB4D6EC919A}.Release|Any CPU.Build.0 = Release|Any CPU
	EndGlobalSection
	GlobalSection(SolutionProperties) = preSolution
		HideSolutionNode = FALSE
	EndGlobalSection
	GlobalSection(ExtensibilityGlobals) = postSolution
		SolutionGuid = {CB818D76-3650-4F06-985C-D8687B6EE3AF}
	EndGlobalSection
EndGlobal
